<?xml version="1.0" encoding="utf-8"?>
<Project ToolsVersion="4.0" xmlns="http://schemas.microsoft.com/developer/msbuild/2003">
  <ItemGroup>
    <Filter Include="Source Files">
      <UniqueIdentifier>{4FC737F1-C7A5-4376-A066-2A32D752A2FF}</UniqueIdentifier>
      <Extensions>cpp;c;cc;cxx;def;odl;idl;hpj;bat;asm;asmx</Extensions>
    </Filter>
    <Filter Include="Header Files">
      <UniqueIdentifier>{93995380-89BD-4b04-88EB-625FBE52EBFB}</UniqueIdentifier>
      <Extensions>h;hpp;hxx;hm;inl;inc;xsd</Extensions>
    </Filter>
    <Filter Include="Resource Files">
      <UniqueIdentifier>{67DA6AB6-F800-4c08-8B7A-83BB121AAD01}</UniqueIdentifier>
      <Extensions>rc;ico;cur;bmp;dlg;rc2;rct;bin;rgs;gif;jpg;jpeg;jpe;resx;tiff;tif;png;wav;mfcribbon-ms</Extensions>
    </Filter>
    <Filter Include="font">
      <UniqueIdentifier>{04646fbf-af3a-4e01-a5f4-f1e9f0c1e0fa}</UniqueIdentifier>
    </Filter>
    <Filter Include="sound">
      <UniqueIdentifier>{a66d294b-9b69-4b99-b8da-13b0e8e86415}</UniqueIdentifier>
    </Filter>
    <Filter Include="Resources">
      <UniqueIdentifier>{2ff0dd5d-8f74-447a-b0ea-0e2d5f2c9eb1}</UniqueIdentifier>
    </Filter>
    <Filter Include="Resources\Images">
      <UniqueIdentifier>{413f85ec-5767-4579-8312-be371b66f62b}</UniqueIdentifier>
    </Filter>
  </ItemGroup>
  <ItemGroup>
    <Font Include="..\..\..\Downloads\PacShow\PacShow\font\comic.ttf">
      <Filter>font</Filter>
    </Font>
    <Font Include="..\..\..\Downloads\PacShow\PacShow\font\comicbd.ttf">
      <Filter>font</Filter>
    </Font>
    <Font Include="..\..\..\Downloads\PacShow\PacShow\font\comici.ttf">
      <Filter>font</Filter>
    </Font>
    <Font Include="..\..\..\Downloads\PacShow\PacShow\font\comicz.ttf">
      <Filter>font</Filter>
    </Font>
  </ItemGroup>
  <ItemGroup>
    <Media Include="..\..\..\Downloads\PacShow\PacShow\sound\blue.wav">
      <Filter>sound</Filter>
    </Media>
    <Media Include="..\..\..\Downloads\PacShow\PacShow\sound\eat.wav">
      <Filter>sound</Filter>
    </Media>
    <Media Include="..\..\..\Downloads\PacShow\PacShow\sound\eatFruit.wav">
      <Filter>sound</Filter>
    </Media>
    <Media Include="..\..\..\Downloads\PacShow\PacShow\sound\intro.wav">
      <Filter>sound</Filter>
    </Media>
    <Media Include="..\..\..\Downloads\PacShow\PacShow\sound\monsterEat.wav">
      <Filter>sound</Filter>
    </Media>
    <Media Include="..\..\..\Downloads\PacShow\PacShow\sound\pacmanDeath.wav">
      <Filter>sound</Filter>
    </Media>
    <Media Include="..\..\..\Downloads\PacShow\PacShow\sound\pacmanEaten.wav">
      <Filter>sound</Filter>
    </Media>
    <Media Include="..\..\..\Downloads\PacShow\PacShow\sound\PelletEat2.wav">
      <Filter>sound</Filter>
    </Media>
    <Media Include="..\..\..\Downloads\PacShow\PacShow\sound\siren.wav">
      <Filter>sound</Filter>
    </Media>
    <Media Include="..\..\..\Downloads\PacShow\PacShow\sound\winnLife.wav">
      <Filter>sound</Filter>
    </Media>
  </ItemGroup>
  <ItemGroup>
    <ClInclude Include="..\..\proj\Pacman\Source\Headers\Global.h">
      <Filter>Header Files</Filter>
    </ClInclude>
    <ClInclude Include="..\..\proj\Pacman\Source\Headers\ConvertSketch.h">
      <Filter>Header Files</Filter>
    </ClInclude>
    <ClInclude Include="..\..\proj\Pacman\Source\Headers\DrawMap.h">
      <Filter>Header Files</Filter>
    </ClInclude>
    <ClInclude Include="..\..\proj\Pacman\Source\Headers\Ghost.h">
      <Filter>Header Files</Filter>
    </ClInclude>
    <ClInclude Include="..\..\proj\Pacman\Source\Headers\GhostManager.h">
      <Filter>Header Files</Filter>
    </ClInclude>
    <ClInclude Include="..\..\proj\Pacman\Source\Headers\MapCollision.h">
      <Filter>Header Files</Filter>
    </ClInclude>
    <ClInclude Include="..\..\proj\Pacman\Source\Headers\Pacman.h">
      <Filter>Header Files</Filter>
    </ClInclude>
  </ItemGroup>
  <ItemGroup>
    <ClCompile Include="..\..\proj\Pacman\Source\Pacman.cpp">
      <Filter>Source Files</Filter>
    </ClCompile>
    <ClCompile Include="..\..\proj\Pacman\Source\ConvertSketch.cpp">
      <Filter>Source Files</Filter>
    </ClCompile>
    <ClCompile Include="..\..\proj\Pacman\Source\DrawMap.cpp">
      <Filter>Source Files</Filter>
    </ClCompile>
    <ClCompile Include="..\..\proj\Pacman\Source\Ghost.cpp">
      <Filter>Source Files</Filter>
    </ClCompile>
    <ClCompile Include="..\..\proj\Pacman\Source\GhostManager.cpp">
      <Filter>Source Files</Filter>
    </ClCompile>
    <ClCompile Include="..\..\proj\Pacman\Source\Main.cpp">
      <Filter>Source Files</Filter>
    </ClCompile>
    <ClCompile Include="..\..\proj\Pacman\Source\MapCollision.cpp">
      <Filter>Source Files</Filter>
    </ClCompile>
  </ItemGroup>
  <ItemGroup>
    <Image Include="..\..\proj\Pacman\Source\Resources\Images\Pacman16.png">
      <Filter>Resources\Images</Filter>
    </Image>
    <Image Include="..\..\proj\Pacman\Source\Resources\Images\PacmanDeath16.png">
      <Filter>Resources\Images</Filter>
    </Image>
    <Image Include="..\..\proj\Pacman\Source\Resources\Images\Font.png">
      <Filter>Resources\Images</Filter>
    </Image>
    <Image Include="..\..\proj\Pacman\Source\Resources\Images\Ghost16.png">
      <Filter>Resources\Images</Filter>
    </Image>
    <Image Include="..\..\proj\Pacman\Source\Resources\Images\Map16.png">
      <Filter>Resources\Images</Filter>
    </Image>
  </ItemGroup>
</Project>